
Microsoft Visual Studio Solution File, Format Version 12.00
# Visual Studio Version 17
VisualStudioVersion = 17.0.31903.59
MinimumVisualStudioVersion = 10.0.40219.1
Project("{FAE04EC0-301F-11D3-BF4B-00C04F79EFBC}") = "CustomerPortalService.Api", "CustomerPortalService.Api\CustomerPortalService.Api.csproj", "{566AFAEA-B4F4-4195-828E-683002BA4526}"
EndProject
Project("{FAE04EC0-301F-11D3-BF4B-00C04F79EFBC}") = "CustomerPortalService.Client", "CustomerPortalService.Client\CustomerPortalService.Client.csproj", "{2D8C3E63-3335-46BB-AD26-F02188BFF1BF}"
EndProject
Global
	GlobalSection(SolutionConfigurationPlatforms) = preSolution
		Debug|Any CPU = Debug|Any CPU
		Release|Any CPU = Release|Any CPU
	EndGlobalSection
	GlobalSection(SolutionProperties) = preSolution
		HideSolutionNode = FALSE
	EndGlobalSection
	GlobalSection(ProjectConfigurationPlatforms) = postSolution
		{566AFAEA-B4F4-4195-828E-683002BA4526}.Debug|Any CPU.ActiveCfg = Debug|Any CPU
		{566AFAEA-B4F4-4195-828E-683002BA4526}.Debug|Any CPU.Build.0 = Debug|Any CPU
		{566AFAEA-B4F4-4195-828E-683002BA4526}.Release|Any CPU.ActiveCfg = Release|Any CPU
		{566AFAEA-B4F4-4195-828E-683002BA4526}.Release|Any CPU.Build.0 = Release|Any CPU
		{2D8C3E63-3335-46BB-AD26-F02188BFF1BF}.Debug|Any CPU.ActiveCfg = Debug|Any CPU
		{2D8C3E63-3335-46BB-AD26-F02188BFF1BF}.Debug|Any CPU.Build.0 = Debug|Any CPU
		{2D8C3E63-3335-46BB-AD26-F02188BFF1BF}.Release|Any CPU.ActiveCfg = Release|Any CPU
		{2D8C3E63-3335-46BB-AD26-F02188BFF1BF}.Release|Any CPU.Build.0 = Release|Any CPU
	EndGlobalSection
EndGlobal
